
Microsoft Visual Studio Solution File, Format Version 12.00
# Visual Studio Version 17
VisualStudioVersion = 17.2.32630.192
MinimumVisualStudioVersion = 10.0.40219.1
Project("{FAE04EC0-301F-11D3-BF4B-00C04F79EFBC}") = "HW3", "HW3\HW3.csproj", "{EC2759C2-CCD4-4B66-B98F-902BFDB8841B}"
EndProject
Global
	GlobalSection(SolutionConfigurationPlatforms) = preSolution
		Debug|Any CPU = Debug|Any CPU
		Release|Any CPU = Release|Any CPU
	EndGlobalSection
	GlobalSection(ProjectConfigurationPlatforms) = postSolution
		{EC2759C2-CCD4-4B66-B98F-902BFDB8841B}.Debug|Any CPU.ActiveCfg = Debug|Any CPU
		{EC2759C2-CCD4-4B66-B98F-902BFDB8841B}.Debug|Any CPU.Build.0 = Debug|Any CPU
		{EC2759C2-CCD4-4B66-B98F-902BFDB8841B}.Release|Any CPU.ActiveCfg = Release|Any CPU
		{EC2759C2-CCD4-4B66-B98F-902BFDB8841B}.Release|Any CPU.Build.0 = Release|Any CPU
	EndGlobalSection
	GlobalSection(SolutionProperties) = preSolution
		HideSolutionNode = FALSE
	EndGlobalSection
	GlobalSection(ExtensibilityGlobals) = postSolution
		SolutionGuid = {A149F621-86A5-46B8-A08D-B64D862FFDC5}
	EndGlobalSection
EndGlobal
